
Microsoft Visual Studio Solution File, Format Version 12.00
# Visual Studio Version 17
VisualStudioVersion = 17.7.34009.444
MinimumVisualStudioVersion = 10.0.40219.1
Project("{FAE04EC0-301F-11D3-BF4B-00C04F79EFBC}") = "CapaPresentacion", "CapaPresentacion\CapaPresentacion.csproj", "{3A939538-C132-4258-BACB-F08E43C58ACE}"
EndProject
Project("{FAE04EC0-301F-11D3-BF4B-00C04F79EFBC}") = "CapaEntidad", "CapaEntidad\CapaEntidad.csproj", "{C8872A7F-E009-481A-A555-42E5A1146988}"
EndProject
Project("{FAE04EC0-301F-11D3-BF4B-00C04F79EFBC}") = "CapaDatos", "CapaDatos\CapaDatos.csproj", "{651F4DBA-648A-4934-A7CA-582ECD1E91A9}"
EndProject
Project("{FAE04EC0-301F-11D3-BF4B-00C04F79EFBC}") = "CapaLogica", "CapaLogica\CapaLogica.csproj", "{DA129EED-0AAF-49BB-BD49-4AE4512A6CF2}"
EndProject
Global
	GlobalSection(SolutionConfigurationPlatforms) = preSolution
		Debug|Any CPU = Debug|Any CPU
		Release|Any CPU = Release|Any CPU
	EndGlobalSection
	GlobalSection(ProjectConfigurationPlatforms) = postSolution
		{3A939538-C132-4258-BACB-F08E43C58ACE}.Debug|Any CPU.ActiveCfg = Debug|Any CPU
		{3A939538-C132-4258-BACB-F08E43C58ACE}.Debug|Any CPU.Build.0 = Debug|Any CPU
		{3A939538-C132-4258-BACB-F08E43C58ACE}.Release|Any CPU.ActiveCfg = Release|Any CPU
		{3A939538-C132-4258-BACB-F08E43C58ACE}.Release|Any CPU.Build.0 = Release|Any CPU
		{C8872A7F-E009-481A-A555-42E5A1146988}.Debug|Any CPU.ActiveCfg = Debug|Any CPU
		{C8872A7F-E009-481A-A555-42E5A1146988}.Debug|Any CPU.Build.0 = Debug|Any CPU
		{C8872A7F-E009-481A-A555-42E5A1146988}.Release|Any CPU.ActiveCfg = Release|Any CPU
		{C8872A7F-E009-481A-A555-42E5A1146988}.Release|Any CPU.Build.0 = Release|Any CPU
		{651F4DBA-648A-4934-A7CA-582ECD1E91A9}.Debug|Any CPU.ActiveCfg = Debug|Any CPU
		{651F4DBA-648A-4934-A7CA-582ECD1E91A9}.Debug|Any CPU.Build.0 = Debug|Any CPU
		{651F4DBA-648A-4934-A7CA-582ECD1E91A9}.Release|Any CPU.ActiveCfg = Release|Any CPU
		{651F4DBA-648A-4934-A7CA-582ECD1E91A9}.Release|Any CPU.Build.0 = Release|Any CPU
		{DA129EED-0AAF-49BB-BD49-4AE4512A6CF2}.Debug|Any CPU.ActiveCfg = Debug|Any CPU
		{DA129EED-0AAF-49BB-BD49-4AE4512A6CF2}.Debug|Any CPU.Build.0 = Debug|Any CPU
		{DA129EED-0AAF-49BB-BD49-4AE4512A6CF2}.Release|Any CPU.ActiveCfg = Release|Any CPU
		{DA129EED-0AAF-49BB-BD49-4AE4512A6CF2}.Release|Any CPU.Build.0 = Release|Any CPU
	EndGlobalSection
	GlobalSection(SolutionProperties) = preSolution
		HideSolutionNode = FALSE
	EndGlobalSection
	GlobalSection(ExtensibilityGlobals) = postSolution
		SolutionGuid = {B2CD019D-A7D5-4C37-948D-7F0D63B95EB3}
	EndGlobalSection
EndGlobal
